# THIS IS AN AUTOGENERATED FILE. DO NOT EDIT THIS FILE DIRECTLY.
# yarn lockfile v1


react-native-android-studio@^2.0.0:
  version "2.0.0"
  resolved "https://registry.yarnpkg.com/react-native-android-studio/-/react-native-android-studio-2.0.0.tgz#f686840d510c400bea5cd7b1c35f581a7df0e47d"
  integrity sha512-yNNyBhFA8+ZLUMnz5FTksBVIRSUTwmYGWqUzhJWYMQ5lYd2gm7Othsvo0sAxKYlBoW/0VZFw+ze57u67HcNu0w==
